{
    "_readme": [
        "This file locks the dependencies of your project to a known state",
        "Read more about it at https://getcomposer.org/doc/01-basic-usage.md#installing-dependencies",
        "This file is @generated automatically"
    ],
    "content-hash": "55d50e5b1803cef4edba932da896b8bb",
    "packages": [],
    "packages-dev": [
        {
            "name": "paulthewalton/acf-stubs",
            "version": "5.8.7",
            "source": {
                "type": "git",
                "url": "https://github.com/paulthewalton/acf-stubs.git",
                "reference": "722096c127186c41ac98395b418195d1db9cf576"
            },
            "dist": {
                "type": "zip",
                "url": "https://api.github.com/repos/paulthewalton/acf-stubs/zipball/722096c127186c41ac98395b418195d1db9cf576",
                "reference": "722096c127186c41ac98395b418195d1db9cf576",
                "shasum": ""
            },
            "require-dev": {
                "ext-gettext": "*",
                "giacocorsiglia/stubs-generator": "^0.5.0",
                "giacocorsiglia/wordpress-stubs": "*",
                "php": "^7.1",
                "wpackagist-plugin/advanced-custom-fields": "5.8.7"
            },
            "type": "library",
            "notification-url": "https://packagist.org/downloads/",
            "license": [
                "GPL-2.0+"
            ],
            "authors": [
                {
                    "name": "Paul Walton",
                    "email": "pwalton@live.ca",
                    "role": "copycat"
                }
            ],
            "description": "Based on giacocorsiglia/wordpress-stubs. Advanced Custom Fields function, class, and global variable declaration stubs for easier static analysis.",
            "keywords": [
                "acf",
                "advanced custom fields",
                "static analysis",
                "wordpress"
            ],
            "support": {
                "issues": "https://github.com/paulthewalton/acf-stubs/issues",
                "source": "https://github.com/paulthewalton/acf-stubs/tree/5.8.7"
            },
            "abandoned": "php-stubs/acf-pro-stubs",
            "time": "2019-12-04T19:26:53+00:00"
        },
        {
            "name": "php-stubs/acf-pro-stubs",
            "version": "v6.0.6",
            "source": {
                "type": "git",
                "url": "https://github.com/php-stubs/acf-pro-stubs.git",
                "reference": "3301f61c975ee6078fc89c1f6ba70358349ea137"
            },
            "dist": {
                "type": "zip",
                "url": "https://api.github.com/repos/php-stubs/acf-pro-stubs/zipball/3301f61c975ee6078fc89c1f6ba70358349ea137",
                "reference": "3301f61c975ee6078fc89c1f6ba70358349ea137",
                "shasum": ""
            },
            "require": {
                "php-stubs/wordpress-stubs": "^4.7 || ^5.0 || ^6.0"
            },
            "require-dev": {
                "php": "~7.1",
                "php-stubs/generator": "^0.8"
            },
            "suggest": {
                "symfony/polyfill-php73": "Symfony polyfill backporting some PHP 7.3+ features to lower PHP versions",
                "szepeviktor/phpstan-wordpress": "WordPress extensions for PHPStan"
            },
            "type": "library",
            "notification-url": "https://packagist.org/downloads/",
            "license": [
                "GPL-2.0-or-later"
            ],
            "description": "Advanced Custom Fields PRO stubs for static analysis.",
            "homepage": "https://github.com/php-stubs/acf-pro-stubs",
            "keywords": [
                "PHPStan",
                "acf",
                "static analysis",
                "wordpress"
            ],
            "support": {
                "issues": "https://github.com/php-stubs/acf-pro-stubs/issues",
                "source": "https://github.com/php-stubs/acf-pro-stubs/tree/v6.0.6"
            },
            "time": "2022-12-25T22:14:41+00:00"
        },
        {
            "name": "php-stubs/wordpress-stubs",
            "version": "v6.1.1",
            "source": {
                "type": "git",
                "url": "https://github.com/php-stubs/wordpress-stubs.git",
                "reference": "601c429ba8d91ef50a2a1bec05a7cd38b88064ff"
            },
            "dist": {
                "type": "zip",
                "url": "https://api.github.com/repos/php-stubs/wordpress-stubs/zipball/601c429ba8d91ef50a2a1bec05a7cd38b88064ff",
                "reference": "601c429ba8d91ef50a2a1bec05a7cd38b88064ff",
                "shasum": ""
            },
            "require-dev": {
                "nikic/php-parser": "< 4.12.0",
                "php": "~7.3 || ~8.0",
                "php-stubs/generator": "^0.8.3",
                "phpdocumentor/reflection-docblock": "^5.3",
                "phpstan/phpstan": "^1.2"
            },
            "suggest": {
                "paragonie/sodium_compat": "Pure PHP implementation of libsodium",
                "symfony/polyfill-php73": "Symfony polyfill backporting some PHP 7.3+ features to lower PHP versions",
                "szepeviktor/phpstan-wordpress": "WordPress extensions for PHPStan"
            },
            "type": "library",
            "notification-url": "https://packagist.org/downloads/",
            "license": [
                "MIT"
            ],
            "description": "WordPress function and class declaration stubs for static analysis.",
            "homepage": "https://github.com/php-stubs/wordpress-stubs",
            "keywords": [
                "PHPStan",
                "static analysis",
                "wordpress"
            ],
            "support": {
                "issues": "https://github.com/php-stubs/wordpress-stubs/issues",
                "source": "https://github.com/php-stubs/wordpress-stubs/tree/v6.1.1"
            },
            "time": "2023-02-09T11:10:35+00:00"
        }
    ],
    "aliases": [],
    "minimum-stability": "stable",
    "stability-flags": [],
    "prefer-stable": false,
    "prefer-lowest": false,
    "platform": [],
    "platform-dev": [],
    "plugin-api-version": "2.3.0"
}
